// !$*UTF8*$!
{
	archiveVersion = 1;
	classes = {
	};
	objectVersion = 56;
	objects = {

/* Begin PBXBuildFile section */
		E90F9B4129AF5B45007AEBB9 /* Alamofire in Frameworks */ = {isa = PBXBuildFile; productRef = E90F9B4029AF5B45007AEBB9 /* Alamofire */; };
		E962265F2987FE6B00A9DCA8 /* AppDelegate.swift in Sources */ = {isa = PBXBuildFile; fileRef = E962265E2987FE6B00A9DCA8 /* AppDelegate.swift */; };
		E96226612987FE6B00A9DCA8 /* SceneDelegate.swift in Sources */ = {isa = PBXBuildFile; fileRef = E96226602987FE6B00A9DCA8 /* SceneDelegate.swift */; };
		E96226632987FE6B00A9DCA8 /* FirstScreenVC.swift in Sources */ = {isa = PBXBuildFile; fileRef = E96226622987FE6B00A9DCA8 /* FirstScreenVC.swift */; };
		E96226682987FE6C00A9DCA8 /* Assets.xcassets in Resources */ = {isa = PBXBuildFile; fileRef = E96226672987FE6C00A9DCA8 /* Assets.xcassets */; };
		E962266B2987FE6C00A9DCA8 /* LaunchScreen.storyboard in Resources */ = {isa = PBXBuildFile; fileRef = E96226692987FE6C00A9DCA8 /* LaunchScreen.storyboard */; };
		E9622673298903A800A9DCA8 /* MovieCollectionViewCell.swift in Sources */ = {isa = PBXBuildFile; fileRef = E9622672298903A800A9DCA8 /* MovieCollectionViewCell.swift */; };
		E96226752989583300A9DCA8 /* MovieDetailVC.swift in Sources */ = {isa = PBXBuildFile; fileRef = E96226742989583300A9DCA8 /* MovieDetailVC.swift */; };
		E96226772989923600A9DCA8 /* CastCollectionViewCell.swift in Sources */ = {isa = PBXBuildFile; fileRef = E96226762989923600A9DCA8 /* CastCollectionViewCell.swift */; };
		E962267A298AAB0100A9DCA8 /* MovieDetailResponse.swift in Sources */ = {isa = PBXBuildFile; fileRef = E9622679298AAB0100A9DCA8 /* MovieDetailResponse.swift */; };
		E962267F298AAE5600A9DCA8 /* APIService.swift in Sources */ = {isa = PBXBuildFile; fileRef = E962267E298AAE5600A9DCA8 /* APIService.swift */; };
		E9622681298AB68B00A9DCA8 /* MovieDetailModel.swift in Sources */ = {isa = PBXBuildFile; fileRef = E9622680298AB68B00A9DCA8 /* MovieDetailModel.swift */; };
		E9622684298B3F8600A9DCA8 /* UIImageView+LoadFromURL.swift in Sources */ = {isa = PBXBuildFile; fileRef = E9622683298B3F8600A9DCA8 /* UIImageView+LoadFromURL.swift */; };
		E9622686298B79BC00A9DCA8 /* MovieCastResponse.swift in Sources */ = {isa = PBXBuildFile; fileRef = E9622685298B79BC00A9DCA8 /* MovieCastResponse.swift */; };
		E962268A298B82AF00A9DCA8 /* MovieResponse.swift in Sources */ = {isa = PBXBuildFile; fileRef = E9622689298B82AF00A9DCA8 /* MovieResponse.swift */; };
		E96CB56029A769E900D5F6B7 /* TMDB-Info.plist in Resources */ = {isa = PBXBuildFile; fileRef = E96CB55F29A769E900D5F6B7 /* TMDB-Info.plist */; };
		E96CB56229A7BC6B00D5F6B7 /* TabBarVC.swift in Sources */ = {isa = PBXBuildFile; fileRef = E96CB56129A7BC6B00D5F6B7 /* TabBarVC.swift */; };
		E96CB56429A7BDE200D5F6B7 /* SearchVC.swift in Sources */ = {isa = PBXBuildFile; fileRef = E96CB56329A7BDE200D5F6B7 /* SearchVC.swift */; };
		E97872D129A8BA6E00D9FEFD /* SearchResultTableViewCell.swift in Sources */ = {isa = PBXBuildFile; fileRef = E97872D029A8BA6E00D9FEFD /* SearchResultTableViewCell.swift */; };
		E97872D329A8C7D700D9FEFD /* SearchMovieResponse.swift in Sources */ = {isa = PBXBuildFile; fileRef = E97872D229A8C7D700D9FEFD /* SearchMovieResponse.swift */; };
		E997F30F29C4B244003C4AF2 /* RequestTokenResponse.swift in Sources */ = {isa = PBXBuildFile; fileRef = E997F30E29C4B244003C4AF2 /* RequestTokenResponse.swift */; };
		E997F31129C8289F003C4AF2 /* ProfileVC.swift in Sources */ = {isa = PBXBuildFile; fileRef = E997F31029C8289F003C4AF2 /* ProfileVC.swift */; };
		E997F31329C85955003C4AF2 /* LoginRequest.swift in Sources */ = {isa = PBXBuildFile; fileRef = E997F31229C85955003C4AF2 /* LoginRequest.swift */; };
		E997F31529C866F9003C4AF2 /* CreateSessionResponse.swift in Sources */ = {isa = PBXBuildFile; fileRef = E997F31429C866F9003C4AF2 /* CreateSessionResponse.swift */; };
		E9D684D32A30A42900AE0157 /* CurrentUserResponse.swift in Sources */ = {isa = PBXBuildFile; fileRef = E9D684D22A30A42900AE0157 /* CurrentUserResponse.swift */; };
		E9D684D52A30D8CF00AE0157 /* LoaderButton.swift in Sources */ = {isa = PBXBuildFile; fileRef = E9D684D42A30D8CF00AE0157 /* LoaderButton.swift */; };
		E9F527D72A378FB800D0992F /* FavoriteMoviesVC.swift in Sources */ = {isa = PBXBuildFile; fileRef = E9F527D62A378FB800D0992F /* FavoriteMoviesVC.swift */; };
		E9FC71E82A3862CA0092219A /* AddFavorite.swift in Sources */ = {isa = PBXBuildFile; fileRef = E9FC71E72A3862CA0092219A /* AddFavorite.swift */; };
		E9FC71EA2A3863540092219A /* TMDBResponse.swift in Sources */ = {isa = PBXBuildFile; fileRef = E9FC71E92A3863540092219A /* TMDBResponse.swift */; };
/* End PBXBuildFile section */

/* Begin PBXFileReference section */
		E962265B2987FE6B00A9DCA8 /* movieApp.app */ = {isa = PBXFileReference; explicitFileType = wrapper.application; includeInIndex = 0; path = movieApp.app; sourceTree = BUILT_PRODUCTS_DIR; };
		E962265E2987FE6B00A9DCA8 /* AppDelegate.swift */ = {isa = PBXFileReference; lastKnownFileType = sourcecode.swift; path = AppDelegate.swift; sourceTree = "<group>"; };
		E96226602987FE6B00A9DCA8 /* SceneDelegate.swift */ = {isa = PBXFileReference; lastKnownFileType = sourcecode.swift; path = SceneDelegate.swift; sourceTree = "<group>"; };
		E96226622987FE6B00A9DCA8 /* FirstScreenVC.swift */ = {isa = PBXFileReference; lastKnownFileType = sourcecode.swift; path = FirstScreenVC.swift; sourceTree = "<group>"; };
		E96226672987FE6C00A9DCA8 /* Assets.xcassets */ = {isa = PBXFileReference; lastKnownFileType = folder.assetcatalog; path = Assets.xcassets; sourceTree = "<group>"; };
		E962266A2987FE6C00A9DCA8 /* Base */ = {isa = PBXFileReference; lastKnownFileType = file.storyboard; name = Base; path = Base.lproj/LaunchScreen.storyboard; sourceTree = "<group>"; };
		E962266C2987FE6C00A9DCA8 /* Info.plist */ = {isa = PBXFileReference; lastKnownFileType = text.plist.xml; path = Info.plist; sourceTree = "<group>"; };
		E9622672298903A800A9DCA8 /* MovieCollectionViewCell.swift */ = {isa = PBXFileReference; lastKnownFileType = sourcecode.swift; path = MovieCollectionViewCell.swift; sourceTree = "<group>"; };
		E96226742989583300A9DCA8 /* MovieDetailVC.swift */ = {isa = PBXFileReference; lastKnownFileType = sourcecode.swift; path = MovieDetailVC.swift; sourceTree = "<group>"; };
		E96226762989923600A9DCA8 /* CastCollectionViewCell.swift */ = {isa = PBXFileReference; lastKnownFileType = sourcecode.swift; path = CastCollectionViewCell.swift; sourceTree = "<group>"; };
		E9622679298AAB0100A9DCA8 /* MovieDetailResponse.swift */ = {isa = PBXFileReference; lastKnownFileType = sourcecode.swift; path = MovieDetailResponse.swift; sourceTree = "<group>"; };
		E962267E298AAE5600A9DCA8 /* APIService.swift */ = {isa = PBXFileReference; lastKnownFileType = sourcecode.swift; path = APIService.swift; sourceTree = "<group>"; };
		E9622680298AB68B00A9DCA8 /* MovieDetailModel.swift */ = {isa = PBXFileReference; lastKnownFileType = sourcecode.swift; path = MovieDetailModel.swift; sourceTree = "<group>"; };
		E9622683298B3F8600A9DCA8 /* UIImageView+LoadFromURL.swift */ = {isa = PBXFileReference; lastKnownFileType = sourcecode.swift; path = "UIImageView+LoadFromURL.swift"; sourceTree = "<group>"; };
		E9622685298B79BC00A9DCA8 /* MovieCastResponse.swift */ = {isa = PBXFileReference; lastKnownFileType = sourcecode.swift; path = MovieCastResponse.swift; sourceTree = "<group>"; };
		E9622689298B82AF00A9DCA8 /* MovieResponse.swift */ = {isa = PBXFileReference; lastKnownFileType = sourcecode.swift; path = MovieResponse.swift; sourceTree = "<group>"; };
		E96CB55F29A769E900D5F6B7 /* TMDB-Info.plist */ = {isa = PBXFileReference; lastKnownFileType = text.plist.xml; path = "TMDB-Info.plist"; sourceTree = "<group>"; };
		E96CB56129A7BC6B00D5F6B7 /* TabBarVC.swift */ = {isa = PBXFileReference; lastKnownFileType = sourcecode.swift; path = TabBarVC.swift; sourceTree = "<group>"; };
		E96CB56329A7BDE200D5F6B7 /* SearchVC.swift */ = {isa = PBXFileReference; lastKnownFileType = sourcecode.swift; path = SearchVC.swift; sourceTree = "<group>"; };
		E97872D029A8BA6E00D9FEFD /* SearchResultTableViewCell.swift */ = {isa = PBXFileReference; lastKnownFileType = sourcecode.swift; path = SearchResultTableViewCell.swift; sourceTree = "<group>"; };
		E97872D229A8C7D700D9FEFD /* SearchMovieResponse.swift */ = {isa = PBXFileReference; lastKnownFileType = sourcecode.swift; path = SearchMovieResponse.swift; sourceTree = "<group>"; };
		E997F30E29C4B244003C4AF2 /* RequestTokenResponse.swift */ = {isa = PBXFileReference; lastKnownFileType = sourcecode.swift; path = RequestTokenResponse.swift; sourceTree = "<group>"; };
		E997F31029C8289F003C4AF2 /* ProfileVC.swift */ = {isa = PBXFileReference; lastKnownFileType = sourcecode.swift; path = ProfileVC.swift; sourceTree = "<group>"; };
		E997F31229C85955003C4AF2 /* LoginRequest.swift */ = {isa = PBXFileReference; lastKnownFileType = sourcecode.swift; path = LoginRequest.swift; sourceTree = "<group>"; };
		E997F31429C866F9003C4AF2 /* CreateSessionResponse.swift */ = {isa = PBXFileReference; lastKnownFileType = sourcecode.swift; path = CreateSessionResponse.swift; sourceTree = "<group>"; };
		E9D684D22A30A42900AE0157 /* CurrentUserResponse.swift */ = {isa = PBXFileReference; lastKnownFileType = sourcecode.swift; path = CurrentUserResponse.swift; sourceTree = "<group>"; };
		E9D684D42A30D8CF00AE0157 /* LoaderButton.swift */ = {isa = PBXFileReference; lastKnownFileType = sourcecode.swift; path = LoaderButton.swift; sourceTree = "<group>"; };
		E9F527D62A378FB800D0992F /* FavoriteMoviesVC.swift */ = {isa = PBXFileReference; lastKnownFileType = sourcecode.swift; path = FavoriteMoviesVC.swift; sourceTree = "<group>"; };
		E9FC71E72A3862CA0092219A /* AddFavorite.swift */ = {isa = PBXFileReference; lastKnownFileType = sourcecode.swift; path = AddFavorite.swift; sourceTree = "<group>"; };
		E9FC71E92A3863540092219A /* TMDBResponse.swift */ = {isa = PBXFileReference; lastKnownFileType = sourcecode.swift; path = TMDBResponse.swift; sourceTree = "<group>"; };
/* End PBXFileReference section */

/* Begin PBXFrameworksBuildPhase section */
		E96226582987FE6B00A9DCA8 /* Frameworks */ = {
			isa = PBXFrameworksBuildPhase;
			buildActionMask = 2147483647;
			files = (
				E90F9B4129AF5B45007AEBB9 /* Alamofire in Frameworks */,
			);
			runOnlyForDeploymentPostprocessing = 0;
		};
/* End PBXFrameworksBuildPhase section */

/* Begin PBXGroup section */
		E96226522987FE6B00A9DCA8 = {
			isa = PBXGroup;
			children = (
				E962265D2987FE6B00A9DCA8 /* movieApp */,
				E962265C2987FE6B00A9DCA8 /* Products */,
			);
			sourceTree = "<group>";
		};
		E962265C2987FE6B00A9DCA8 /* Products */ = {
			isa = PBXGroup;
			children = (
				E962265B2987FE6B00A9DCA8 /* movieApp.app */,
			);
			name = Products;
			sourceTree = "<group>";
		};
		E962265D2987FE6B00A9DCA8 /* movieApp */ = {
			isa = PBXGroup;
			children = (
				E9844FBD29AB649700E9B51C /* Components */,
				E9844FBB29AB642500E9B51C /* ViewController */,
				E9622682298B3F6700A9DCA8 /* Extension */,
				E962267D298AAE2E00A9DCA8 /* Service */,
				E9622678298AAACD00A9DCA8 /* Model */,
				E962265E2987FE6B00A9DCA8 /* AppDelegate.swift */,
				E96226602987FE6B00A9DCA8 /* SceneDelegate.swift */,
				E96226672987FE6C00A9DCA8 /* Assets.xcassets */,
				E96226692987FE6C00A9DCA8 /* LaunchScreen.storyboard */,
				E962266C2987FE6C00A9DCA8 /* Info.plist */,
				E96CB55F29A769E900D5F6B7 /* TMDB-Info.plist */,
			);
			path = movieApp;
			sourceTree = "<group>";
		};
		E9622678298AAACD00A9DCA8 /* Model */ = {
			isa = PBXGroup;
			children = (
				E9622679298AAB0100A9DCA8 /* MovieDetailResponse.swift */,
				E9622680298AB68B00A9DCA8 /* MovieDetailModel.swift */,
				E9622685298B79BC00A9DCA8 /* MovieCastResponse.swift */,
				E9622689298B82AF00A9DCA8 /* MovieResponse.swift */,
				E97872D229A8C7D700D9FEFD /* SearchMovieResponse.swift */,
				E997F30E29C4B244003C4AF2 /* RequestTokenResponse.swift */,
				E997F31229C85955003C4AF2 /* LoginRequest.swift */,
				E997F31429C866F9003C4AF2 /* CreateSessionResponse.swift */,
				E9D684D22A30A42900AE0157 /* CurrentUserResponse.swift */,
				E9FC71E72A3862CA0092219A /* AddFavorite.swift */,
				E9FC71E92A3863540092219A /* TMDBResponse.swift */,
			);
			path = Model;
			sourceTree = "<group>";
		};
		E962267D298AAE2E00A9DCA8 /* Service */ = {
			isa = PBXGroup;
			children = (
				E962267E298AAE5600A9DCA8 /* APIService.swift */,
			);
			path = Service;
			sourceTree = "<group>";
		};
		E9622682298B3F6700A9DCA8 /* Extension */ = {
			isa = PBXGroup;
			children = (
				E9622683298B3F8600A9DCA8 /* UIImageView+LoadFromURL.swift */,
				E9D684D42A30D8CF00AE0157 /* LoaderButton.swift */,
			);
			path = Extension;
			sourceTree = "<group>";
		};
		E9844FBB29AB642500E9B51C /* ViewController */ = {
			isa = PBXGroup;
			children = (
				E96CB56329A7BDE200D5F6B7 /* SearchVC.swift */,
				E96CB56129A7BC6B00D5F6B7 /* TabBarVC.swift */,
				E96226742989583300A9DCA8 /* MovieDetailVC.swift */,
				E96226622987FE6B00A9DCA8 /* FirstScreenVC.swift */,
				E997F31029C8289F003C4AF2 /* ProfileVC.swift */,
				E9F527D62A378FB800D0992F /* FavoriteMoviesVC.swift */,
			);
			path = ViewController;
			sourceTree = "<group>";
		};
		E9844FBD29AB649700E9B51C /* Components */ = {
			isa = PBXGroup;
			children = (
				E9622672298903A800A9DCA8 /* MovieCollectionViewCell.swift */,
				E96226762989923600A9DCA8 /* CastCollectionViewCell.swift */,
				E97872D029A8BA6E00D9FEFD /* SearchResultTableViewCell.swift */,
			);
			path = Components;
			sourceTree = "<group>";
		};
/* End PBXGroup section */

/* Begin PBXNativeTarget section */
		E962265A2987FE6B00A9DCA8 /* movieApp */ = {
			isa = PBXNativeTarget;
			buildConfigurationList = E962266F2987FE6C00A9DCA8 /* Build configuration list for PBXNativeTarget "movieApp" */;
			buildPhases = (
				E96226572987FE6B00A9DCA8 /* Sources */,
				E96226582987FE6B00A9DCA8 /* Frameworks */,
				E96226592987FE6B00A9DCA8 /* Resources */,
			);
			buildRules = (
			);
			dependencies = (
			);
			name = movieApp;
			packageProductDependencies = (
				E90F9B4029AF5B45007AEBB9 /* Alamofire */,
			);
			productName = movieApp;
			productReference = E962265B2987FE6B00A9DCA8 /* movieApp.app */;
			productType = "com.apple.product-type.application";
		};
/* End PBXNativeTarget section */

/* Begin PBXProject section */
		E96226532987FE6B00A9DCA8 /* Project object */ = {
			isa = PBXProject;
			attributes = {
				BuildIndependentTargetsInParallel = 1;
				LastSwiftUpdateCheck = 1420;
				LastUpgradeCheck = 1420;
				TargetAttributes = {
					E962265A2987FE6B00A9DCA8 = {
						CreatedOnToolsVersion = 14.2;
					};
				};
			};
			buildConfigurationList = E96226562987FE6B00A9DCA8 /* Build configuration list for PBXProject "movieApp" */;
			compatibilityVersion = "Xcode 14.0";
			developmentRegion = en;
			hasScannedForEncodings = 0;
			knownRegions = (
				en,
				Base,
			);
			mainGroup = E96226522987FE6B00A9DCA8;
			packageReferences = (
				E90F9B3F29AF5B44007AEBB9 /* XCRemoteSwiftPackageReference "Alamofire" */,
			);
			productRefGroup = E962265C2987FE6B00A9DCA8 /* Products */;
			projectDirPath = "";
			projectRoot = "";
			targets = (
				E962265A2987FE6B00A9DCA8 /* movieApp */,
			);
		};
/* End PBXProject section */

/* Begin PBXResourcesBuildPhase section */
		E96226592987FE6B00A9DCA8 /* Resources */ = {
			isa = PBXResourcesBuildPhase;
			buildActionMask = 2147483647;
			files = (
				E962266B2987FE6C00A9DCA8 /* LaunchScreen.storyboard in Resources */,
				E96226682987FE6C00A9DCA8 /* Assets.xcassets in Resources */,
				E96CB56029A769E900D5F6B7 /* TMDB-Info.plist in Resources */,
			);
			runOnlyForDeploymentPostprocessing = 0;
		};
/* End PBXResourcesBuildPhase section */

/* Begin PBXSourcesBuildPhase section */
		E96226572987FE6B00A9DCA8 /* Sources */ = {
			isa = PBXSourcesBuildPhase;
			buildActionMask = 2147483647;
			files = (
				E96226632987FE6B00A9DCA8 /* FirstScreenVC.swift in Sources */,
				E9D684D52A30D8CF00AE0157 /* LoaderButton.swift in Sources */,
				E997F30F29C4B244003C4AF2 /* RequestTokenResponse.swift in Sources */,
				E997F31329C85955003C4AF2 /* LoginRequest.swift in Sources */,
				E96226752989583300A9DCA8 /* MovieDetailVC.swift in Sources */,
				E962267A298AAB0100A9DCA8 /* MovieDetailResponse.swift in Sources */,
				E9622684298B3F8600A9DCA8 /* UIImageView+LoadFromURL.swift in Sources */,
				E962265F2987FE6B00A9DCA8 /* AppDelegate.swift in Sources */,
				E9D684D32A30A42900AE0157 /* CurrentUserResponse.swift in Sources */,
				E9622686298B79BC00A9DCA8 /* MovieCastResponse.swift in Sources */,
				E9FC71EA2A3863540092219A /* TMDBResponse.swift in Sources */,
				E96CB56429A7BDE200D5F6B7 /* SearchVC.swift in Sources */,
				E9622681298AB68B00A9DCA8 /* MovieDetailModel.swift in Sources */,
				E96226772989923600A9DCA8 /* CastCollectionViewCell.swift in Sources */,
				E97872D329A8C7D700D9FEFD /* SearchMovieResponse.swift in Sources */,
				E96CB56229A7BC6B00D5F6B7 /* TabBarVC.swift in Sources */,
				E997F31129C8289F003C4AF2 /* ProfileVC.swift in Sources */,
				E96226612987FE6B00A9DCA8 /* SceneDelegate.swift in Sources */,
				E97872D129A8BA6E00D9FEFD /* SearchResultTableViewCell.swift in Sources */,
				E9F527D72A378FB800D0992F /* FavoriteMoviesVC.swift in Sources */,
				E962268A298B82AF00A9DCA8 /* MovieResponse.swift in Sources */,
				E997F31529C866F9003C4AF2 /* CreateSessionResponse.swift in Sources */,
				E9FC71E82A3862CA0092219A /* AddFavorite.swift in Sources */,
				E962267F298AAE5600A9DCA8 /* APIService.swift in Sources */,
				E9622673298903A800A9DCA8 /* MovieCollectionViewCell.swift in Sources */,
			);
			runOnlyForDeploymentPostprocessing = 0;
		};
/* End PBXSourcesBuildPhase section */

/* Begin PBXVariantGroup section */
		E96226692987FE6C00A9DCA8 /* LaunchScreen.storyboard */ = {
			isa = PBXVariantGroup;
			children = (
				E962266A2987FE6C00A9DCA8 /* Base */,
			);
			name = LaunchScreen.storyboard;
			sourceTree = "<group>";
		};
/* End PBXVariantGroup section */

/* Begin XCBuildConfiguration section */
		E962266D2987FE6C00A9DCA8 /* Debug */ = {
			isa = XCBuildConfiguration;
			buildSettings = {
				ALWAYS_SEARCH_USER_PATHS = NO;
				CLANG_ANALYZER_NONNULL = YES;
				CLANG_ANALYZER_NUMBER_OBJECT_CONVERSION = YES_AGGRESSIVE;
				CLANG_CXX_LANGUAGE_STANDARD = "gnu++20";
				CLANG_ENABLE_MODULES = YES;
				CLANG_ENABLE_OBJC_ARC = YES;
				CLANG_ENABLE_OBJC_WEAK = YES;
				CLANG_WARN_BLOCK_CAPTURE_AUTORELEASING = YES;
				CLANG_WARN_BOOL_CONVERSION = YES;
				CLANG_WARN_COMMA = YES;
				CLANG_WARN_CONSTANT_CONVERSION = YES;
				CLANG_WARN_DEPRECATED_OBJC_IMPLEMENTATIONS = YES;
				CLANG_WARN_DIRECT_OBJC_ISA_USAGE = YES_ERROR;
				CLANG_WARN_DOCUMENTATION_COMMENTS = YES;
				CLANG_WARN_EMPTY_BODY = YES;
				CLANG_WARN_ENUM_CONVERSION = YES;
				CLANG_WARN_INFINITE_RECURSION = YES;
				CLANG_WARN_INT_CONVERSION = YES;
				CLANG_WARN_NON_LITERAL_NULL_CONVERSION = YES;
				CLANG_WARN_OBJC_IMPLICIT_RETAIN_SELF = YES;
				CLANG_WARN_OBJC_LITERAL_CONVERSION = YES;
				CLANG_WARN_OBJC_ROOT_CLASS = YES_ERROR;
				CLANG_WARN_QUOTED_INCLUDE_IN_FRAMEWORK_HEADER = YES;
				CLANG_WARN_RANGE_LOOP_ANALYSIS = YES;
				CLANG_WARN_STRICT_PROTOTYPES = YES;
				CLANG_WARN_SUSPICIOUS_MOVE = YES;
				CLANG_WARN_UNGUARDED_AVAILABILITY = YES_AGGRESSIVE;
				CLANG_WARN_UNREACHABLE_CODE = YES;
				CLANG_WARN__DUPLICATE_METHOD_MATCH = YES;
				COPY_PHASE_STRIP = NO;
				DEBUG_INFORMATION_FORMAT = dwarf;
				ENABLE_STRICT_OBJC_MSGSEND = YES;
				ENABLE_TESTABILITY = YES;
				GCC_C_LANGUAGE_STANDARD = gnu11;
				GCC_DYNAMIC_NO_PIC = NO;
				GCC_NO_COMMON_BLOCKS = YES;
				GCC_OPTIMIZATION_LEVEL = 0;
				GCC_PREPROCESSOR_DEFINITIONS = (
					"DEBUG=1",
					"$(inherited)",
				);
				GCC_WARN_64_TO_32_BIT_CONVERSION = YES;
				GCC_WARN_ABOUT_RETURN_TYPE = YES_ERROR;
				GCC_WARN_UNDECLARED_SELECTOR = YES;
				GCC_WARN_UNINITIALIZED_AUTOS = YES_AGGRESSIVE;
				GCC_WARN_UNUSED_FUNCTION = YES;
				GCC_WARN_UNUSED_VARIABLE = YES;
				IPHONEOS_DEPLOYMENT_TARGET = 16.2;
				MTL_ENABLE_DEBUG_INFO = INCLUDE_SOURCE;
				MTL_FAST_MATH = YES;
				ONLY_ACTIVE_ARCH = YES;
				SDKROOT = iphoneos;
				SWIFT_ACTIVE_COMPILATION_CONDITIONS = DEBUG;
				SWIFT_OPTIMIZATION_LEVEL = "-Onone";
			};
			name = Debug;
		};
		E962266E2987FE6C00A9DCA8 /* Release */ = {
			isa = XCBuildConfiguration;
			buildSettings = {
				ALWAYS_SEARCH_USER_PATHS = NO;
				CLANG_ANALYZER_NONNULL = YES;
				CLANG_ANALYZER_NUMBER_OBJECT_CONVERSION = YES_AGGRESSIVE;
				CLANG_CXX_LANGUAGE_STANDARD = "gnu++20";
				CLANG_ENABLE_MODULES = YES;
				CLANG_ENABLE_OBJC_ARC = YES;
				CLANG_ENABLE_OBJC_WEAK = YES;
				CLANG_WARN_BLOCK_CAPTURE_AUTORELEASING = YES;
				CLANG_WARN_BOOL_CONVERSION = YES;
				CLANG_WARN_COMMA = YES;
				CLANG_WARN_CONSTANT_CONVERSION = YES;
				CLANG_WARN_DEPRECATED_OBJC_IMPLEMENTATIONS = YES;
				CLANG_WARN_DIRECT_OBJC_ISA_USAGE = YES_ERROR;
				CLANG_WARN_DOCUMENTATION_COMMENTS = YES;
				CLANG_WARN_EMPTY_BODY = YES;
				CLANG_WARN_ENUM_CONVERSION = YES;
				CLANG_WARN_INFINITE_RECURSION = YES;
				CLANG_WARN_INT_CONVERSION = YES;
				CLANG_WARN_NON_LITERAL_NULL_CONVERSION = YES;
				CLANG_WARN_OBJC_IMPLICIT_RETAIN_SELF = YES;
				CLANG_WARN_OBJC_LITERAL_CONVERSION = YES;
				CLANG_WARN_OBJC_ROOT_CLASS = YES_ERROR;
				CLANG_WARN_QUOTED_INCLUDE_IN_FRAMEWORK_HEADER = YES;
				CLANG_WARN_RANGE_LOOP_ANALYSIS = YES;
				CLANG_WARN_STRICT_PROTOTYPES = YES;
				CLANG_WARN_SUSPICIOUS_MOVE = YES;
				CLANG_WARN_UNGUARDED_AVAILABILITY = YES_AGGRESSIVE;
				CLANG_WARN_UNREACHABLE_CODE = YES;
				CLANG_WARN__DUPLICATE_METHOD_MATCH = YES;
				COPY_PHASE_STRIP = NO;
				DEBUG_INFORMATION_FORMAT = "dwarf-with-dsym";
				ENABLE_NS_ASSERTIONS = NO;
				ENABLE_STRICT_OBJC_MSGSEND = YES;
				GCC_C_LANGUAGE_STANDARD = gnu11;
				GCC_NO_COMMON_BLOCKS = YES;
				GCC_WARN_64_TO_32_BIT_CONVERSION = YES;
				GCC_WARN_ABOUT_RETURN_TYPE = YES_ERROR;
				GCC_WARN_UNDECLARED_SELECTOR = YES;
				GCC_WARN_UNINITIALIZED_AUTOS = YES_AGGRESSIVE;
				GCC_WARN_UNUSED_FUNCTION = YES;
				GCC_WARN_UNUSED_VARIABLE = YES;
				IPHONEOS_DEPLOYMENT_TARGET = 16.2;
				MTL_ENABLE_DEBUG_INFO = NO;
				MTL_FAST_MATH = YES;
				SDKROOT = iphoneos;
				SWIFT_COMPILATION_MODE = wholemodule;
				SWIFT_OPTIMIZATION_LEVEL = "-O";
				VALIDATE_PRODUCT = YES;
			};
			name = Release;
		};
		E96226702987FE6C00A9DCA8 /* Debug */ = {
			isa = XCBuildConfiguration;
			buildSettings = {
				ASSETCATALOG_COMPILER_APPICON_NAME = AppIcon;
				ASSETCATALOG_COMPILER_GLOBAL_ACCENT_COLOR_NAME = AccentColor;
				CODE_SIGN_STYLE = Automatic;
				CURRENT_PROJECT_VERSION = 1;
				DEVELOPMENT_TEAM = MW4P9S2TYV;
				GENERATE_INFOPLIST_FILE = YES;
				INFOPLIST_FILE = movieApp/Info.plist;
				INFOPLIST_KEY_UIApplicationSupportsIndirectInputEvents = YES;
				INFOPLIST_KEY_UILaunchStoryboardName = LaunchScreen;
				INFOPLIST_KEY_UISupportedInterfaceOrientations = UIInterfaceOrientationPortrait;
				INFOPLIST_KEY_UISupportedInterfaceOrientations_iPad = "UIInterfaceOrientationLandscapeLeft UIInterfaceOrientationLandscapeRight UIInterfaceOrientationPortrait UIInterfaceOrientationPortraitUpsideDown";
				IPHONEOS_DEPLOYMENT_TARGET = 15.0;
				LD_RUNPATH_SEARCH_PATHS = (
					"$(inherited)",
					"@executable_path/Frameworks",
				);
				MARKETING_VERSION = 1.0;
				PRODUCT_BUNDLE_IDENTIFIER = com.example.movieApp;
				PRODUCT_NAME = "$(TARGET_NAME)";
				SWIFT_EMIT_LOC_STRINGS = YES;
				SWIFT_VERSION = 5.0;
				TARGETED_DEVICE_FAMILY = "1,2";
			};
			name = Debug;
		};
		E96226712987FE6C00A9DCA8 /* Release */ = {
			isa = XCBuildConfiguration;
			buildSettings = {
				ASSETCATALOG_COMPILER_APPICON_NAME = AppIcon;
				ASSETCATALOG_COMPILER_GLOBAL_ACCENT_COLOR_NAME = AccentColor;
				CODE_SIGN_STYLE = Automatic;
				CURRENT_PROJECT_VERSION = 1;
				DEVELOPMENT_TEAM = MW4P9S2TYV;
				GENERATE_INFOPLIST_FILE = YES;
				INFOPLIST_FILE = movieApp/Info.plist;
				INFOPLIST_KEY_UIApplicationSupportsIndirectInputEvents = YES;
				INFOPLIST_KEY_UILaunchStoryboardName = LaunchScreen;
				INFOPLIST_KEY_UISupportedInterfaceOrientations = UIInterfaceOrientationPortrait;
				INFOPLIST_KEY_UISupportedInterfaceOrientations_iPad = "UIInterfaceOrientationLandscapeLeft UIInterfaceOrientationLandscapeRight UIInterfaceOrientationPortrait UIInterfaceOrientationPortraitUpsideDown";
				IPHONEOS_DEPLOYMENT_TARGET = 15.0;
				LD_RUNPATH_SEARCH_PATHS = (
					"$(inherited)",
					"@executable_path/Frameworks",
				);
				MARKETING_VERSION = 1.0;
				PRODUCT_BUNDLE_IDENTIFIER = com.example.movieApp;
				PRODUCT_NAME = "$(TARGET_NAME)";
				SWIFT_EMIT_LOC_STRINGS = YES;
				SWIFT_VERSION = 5.0;
				TARGETED_DEVICE_FAMILY = "1,2";
			};
			name = Release;
		};
/* End XCBuildConfiguration section */

/* Begin XCConfigurationList section */
		E96226562987FE6B00A9DCA8 /* Build configuration list for PBXProject "movieApp" */ = {
			isa = XCConfigurationList;
			buildConfigurations = (
				E962266D2987FE6C00A9DCA8 /* Debug */,
				E962266E2987FE6C00A9DCA8 /* Release */,
			);
			defaultConfigurationIsVisible = 0;
			defaultConfigurationName = Release;
		};
		E962266F2987FE6C00A9DCA8 /* Build configuration list for PBXNativeTarget "movieApp" */ = {
			isa = XCConfigurationList;
			buildConfigurations = (
				E96226702987FE6C00A9DCA8 /* Debug */,
				E96226712987FE6C00A9DCA8 /* Release */,
			);
			defaultConfigurationIsVisible = 0;
			defaultConfigurationName = Release;
		};
/* End XCConfigurationList section */

/* Begin XCRemoteSwiftPackageReference section */
		E90F9B3F29AF5B44007AEBB9 /* XCRemoteSwiftPackageReference "Alamofire" */ = {
			isa = XCRemoteSwiftPackageReference;
			repositoryURL = "https://github.com/Alamofire/Alamofire.git";
			requirement = {
				kind = upToNextMajorVersion;
				minimumVersion = 5.6.1;
			};
		};
/* End XCRemoteSwiftPackageReference section */

/* Begin XCSwiftPackageProductDependency section */
		E90F9B4029AF5B45007AEBB9 /* Alamofire */ = {
			isa = XCSwiftPackageProductDependency;
			package = E90F9B3F29AF5B44007AEBB9 /* XCRemoteSwiftPackageReference "Alamofire" */;
			productName = Alamofire;
		};
/* End XCSwiftPackageProductDependency section */
	};
	rootObject = E96226532987FE6B00A9DCA8 /* Project object */;
}
